
Microsoft Visual Studio Solution File, Format Version 12.00
# Visual Studio 15
VisualStudioVersion = 15.0.28307.1927
MinimumVisualStudioVersion = 10.0.40219.1
Project("{9A19103F-16F7-4668-BE54-9A1E7A4F7556}") = "transformNumbers", "transformNumbers\transformNumbers.csproj", "{655ED092-365A-48C5-A1EA-4BB2BAA3B9F5}"
EndProject
Project("{FAE04EC0-301F-11D3-BF4B-00C04F79EFBC}") = "TransformNumbersTests", "TransformNumbersTests\TransformNumbersTests.csproj", "{4A945E18-4A29-4114-8B2C-2FACE3B26031}"
EndProject
Global
	GlobalSection(SolutionConfigurationPlatforms) = preSolution
		Debug|Any CPU = Debug|Any CPU
		Release|Any CPU = Release|Any CPU
	EndGlobalSection
	GlobalSection(ProjectConfigurationPlatforms) = postSolution
		{655ED092-365A-48C5-A1EA-4BB2BAA3B9F5}.Debug|Any CPU.ActiveCfg = Debug|Any CPU
		{655ED092-365A-48C5-A1EA-4BB2BAA3B9F5}.Debug|Any CPU.Build.0 = Debug|Any CPU
		{655ED092-365A-48C5-A1EA-4BB2BAA3B9F5}.Release|Any CPU.ActiveCfg = Release|Any CPU
		{655ED092-365A-48C5-A1EA-4BB2BAA3B9F5}.Release|Any CPU.Build.0 = Release|Any CPU
		{4A945E18-4A29-4114-8B2C-2FACE3B26031}.Debug|Any CPU.ActiveCfg = Debug|Any CPU
		{4A945E18-4A29-4114-8B2C-2FACE3B26031}.Debug|Any CPU.Build.0 = Debug|Any CPU
		{4A945E18-4A29-4114-8B2C-2FACE3B26031}.Release|Any CPU.ActiveCfg = Release|Any CPU
		{4A945E18-4A29-4114-8B2C-2FACE3B26031}.Release|Any CPU.Build.0 = Release|Any CPU
	EndGlobalSection
	GlobalSection(SolutionProperties) = preSolution
		HideSolutionNode = FALSE
	EndGlobalSection
	GlobalSection(ExtensibilityGlobals) = postSolution
		SolutionGuid = {26C76559-EBA3-4A25-92F4-192B8F5CB608}
	EndGlobalSection
EndGlobal
